
Microsoft Visual Studio Solution File, Format Version 11.00
# Visual C# Express 2010
Project("{FAE04EC0-301F-11D3-BF4B-00C04F79EFBC}") = "PizzaGuy", "PizzaGuy\PizzaGuy\PizzaGuy.csproj", "{A587DC53-D256-4FFC-A502-CD30F21C9FE5}"
EndProject
Project("{96E2B04D-8817-42C6-938A-82C39BA4D311}") = "PizzaGuyContent", "PizzaGuy\PizzaGuyContent\PizzaGuyContent.contentproj", "{A3269206-556C-4BB0-A37E-C70A4C39F4EB}"
EndProject
Global
	GlobalSection(SolutionConfigurationPlatforms) = preSolution
		Debug|x86 = Debug|x86
		Release|x86 = Release|x86
	EndGlobalSection
	GlobalSection(ProjectConfigurationPlatforms) = postSolution
		{A587DC53-D256-4FFC-A502-CD30F21C9FE5}.Debug|x86.ActiveCfg = Debug|x86
		{A587DC53-D256-4FFC-A502-CD30F21C9FE5}.Debug|x86.Build.0 = Debug|x86
		{A587DC53-D256-4FFC-A502-CD30F21C9FE5}.Release|x86.ActiveCfg = Release|x86
		{A587DC53-D256-4FFC-A502-CD30F21C9FE5}.Release|x86.Build.0 = Release|x86
		{A3269206-556C-4BB0-A37E-C70A4C39F4EB}.Debug|x86.ActiveCfg = Debug|x86
		{A3269206-556C-4BB0-A37E-C70A4C39F4EB}.Release|x86.ActiveCfg = Release|x86
	EndGlobalSection
	GlobalSection(SolutionProperties) = preSolution
		HideSolutionNode = FALSE
	EndGlobalSection
EndGlobal
